<?xml version="1.0" encoding="utf-8"?>
<Project ToolsVersion="4.0" xmlns="http://schemas.microsoft.com/developer/msbuild/2003">
  <ItemGroup>
    <Filter Include="Source Files">
      <UniqueIdentifier>{4FC737F1-C7A5-4376-A066-2A32D752A2FF}</UniqueIdentifier>
      <Extensions>cpp;c;cc;cxx;def;odl;idl;hpj;bat;asm;asmx</Extensions>
    </Filter>
    <Filter Include="Header Files">
      <UniqueIdentifier>{93995380-89BD-4b04-88EB-625FBE52EBFB}</UniqueIdentifier>
      <Extensions>h;hh;hpp;hxx;hm;inl;inc;xsd</Extensions>
    </Filter>
    <Filter Include="Resource Files">
      <UniqueIdentifier>{67DA6AB6-F800-4c08-8B7A-83BB121AAD01}</UniqueIdentifier>
      <Extensions>rc;ico;cur;bmp;dlg;rc2;rct;bin;rgs;gif;jpg;jpeg;jpe;resx;tiff;tif;png;wav;mfcribbon-ms</Extensions>
    </Filter>
    <Filter Include="Source Files\hkbclasses">
      <UniqueIdentifier>{ac77bee6-b0a7-47a9-ae01-f5d5a02ca126}</UniqueIdentifier>
    </Filter>
    <Filter Include="Header Files\hkbclasses">
      <UniqueIdentifier>{efd8caef-d45f-4ef6-a6c5-4d3c9ea81142}</UniqueIdentifier>
    </Filter>
    <Filter Include="Header Files\animdata">
      <UniqueIdentifier>{233e2822-67a3-484e-831d-2c4b3da47ba2}</UniqueIdentifier>
    </Filter>
    <Filter Include="Source Files\animdata">
      <UniqueIdentifier>{cd881024-27ac-42c2-8d9a-51bddf58e209}</UniqueIdentifier>
    </Filter>
    <Filter Include="Source Files\utilities">
      <UniqueIdentifier>{fe456280-2c30-4e66-a1d6-fbbab7593496}</UniqueIdentifier>
    </Filter>
    <Filter Include="Header Files\utilities">
      <UniqueIdentifier>{a5fea8b7-9502-47f2-946d-6d8779006b3a}</UniqueIdentifier>
    </Filter>
  </ItemGroup>
  <ItemGroup>
    <ClCompile Include="main.cpp">
      <Filter>Source Files</Filter>
    </ClCompile>
    <ClCompile Include="bsboneswitchgenerator.cpp">
      <Filter>Source Files\hkbclasses</Filter>
    </ClCompile>
    <ClCompile Include="bsboneswitchgeneratorbonedata.cpp">
      <Filter>Source Files\hkbclasses</Filter>
    </ClCompile>
    <ClCompile Include="bsistatetagginggenerator.cpp">
      <Filter>Source Files\hkbclasses</Filter>
    </ClCompile>
    <ClCompile Include="hkbbehaviorgraph.cpp">
      <Filter>Source Files\hkbclasses</Filter>
    </ClCompile>
    <ClCompile Include="hkbbehaviorgraphdata.cpp">
      <Filter>Source Files\hkbclasses</Filter>
    </ClCompile>
    <ClCompile Include="hkbbehaviorgraphstringdata.cpp">
      <Filter>Source Files\hkbclasses</Filter>
    </ClCompile>
    <ClCompile Include="hkbblendergenerator.cpp">
      <Filter>Source Files\hkbclasses</Filter>
    </ClCompile>
    <ClCompile Include="hkbblendergeneratorchild.cpp">
      <Filter>Source Files\hkbclasses</Filter>
    </ClCompile>
    <ClCompile Include="hkbblendingtransitioneffect.cpp">
      <Filter>Source Files\hkbclasses</Filter>
    </ClCompile>
    <ClCompile Include="hkbboneweightarray.cpp">
      <Filter>Source Files\hkbclasses</Filter>
    </ClCompile>
    <ClCompile Include="hkbexpressioncondition.cpp">
      <Filter>Source Files\hkbclasses</Filter>
    </ClCompile>
    <ClCompile Include="hkbmanualselectorgenerator.cpp">
      <Filter>Source Files\hkbclasses</Filter>
    </ClCompile>
    <ClCompile Include="hkbstatemachine.cpp">
      <Filter>Source Files\hkbclasses</Filter>
    </ClCompile>
    <ClCompile Include="hkbstatemachineeventpropertyarray.cpp">
      <Filter>Source Files\hkbclasses</Filter>
    </ClCompile>
    <ClCompile Include="hkbstatemachinestateinfo.cpp">
      <Filter>Source Files\hkbclasses</Filter>
    </ClCompile>
    <ClCompile Include="hkbstringeventpayload.cpp">
      <Filter>Source Files\hkbclasses</Filter>
    </ClCompile>
    <ClCompile Include="hkbvariablebindingset.cpp">
      <Filter>Source Files\hkbclasses</Filter>
    </ClCompile>
    <ClCompile Include="hkbvariablevalueset.cpp">
      <Filter>Source Files\hkbclasses</Filter>
    </ClCompile>
    <ClCompile Include="bscyclicblendtransitiongenerator.cpp">
      <Filter>Source Files\hkbclasses</Filter>
    </ClCompile>
    <ClCompile Include="hkbstatemachinetransitioninfoarray.cpp">
      <Filter>Source Files\hkbclasses</Filter>
    </ClCompile>
    <ClCompile Include="hkbclipgenerator.cpp">
      <Filter>Source Files\hkbclasses</Filter>
    </ClCompile>
    <ClCompile Include="hkbcliptriggerarray.cpp">
      <Filter>Source Files\hkbclasses</Filter>
    </ClCompile>
    <ClCompile Include="hkbmodifiergenerator.cpp">
      <Filter>Source Files\hkbclasses</Filter>
    </ClCompile>
    <ClCompile Include="hkbmodifierlist.cpp">
      <Filter>Source Files\hkbclasses</Filter>
    </ClCompile>
    <ClCompile Include="hkrootlevelcontainer.cpp">
      <Filter>Source Files\hkbclasses</Filter>
    </ClCompile>
    <ClCompile Include="Global.cpp">
      <Filter>Source Files</Filter>
    </ClCompile>
    <ClCompile Include="Global-Addon.cpp">
      <Filter>Source Files</Filter>
    </ClCompile>
    <ClCompile Include="hkbtwistmodifier.cpp">
      <Filter>Source Files\hkbclasses</Filter>
    </ClCompile>
    <ClCompile Include="hkbeventdrivenmodifier.cpp">
      <Filter>Source Files\hkbclasses</Filter>
    </ClCompile>
    <ClCompile Include="bsisactivemodifier.cpp">
      <Filter>Source Files\hkbclasses</Filter>
    </ClCompile>
    <ClCompile Include="bslimbikmodifier.cpp">
      <Filter>Source Files\hkbclasses</Filter>
    </ClCompile>
    <ClCompile Include="bsinterpvaluemodifier.cpp">
      <Filter>Source Files\hkbclasses</Filter>
    </ClCompile>
    <ClCompile Include="bsgettimestepmodifier.cpp">
      <Filter>Source Files\hkbclasses</Filter>
    </ClCompile>
    <ClCompile Include="hkbfootikcontrolsmodifier.cpp">
      <Filter>Source Files\hkbclasses</Filter>
    </ClCompile>
    <ClCompile Include="hkbgethandleonbonemodifier.cpp">
      <Filter>Source Files\hkbclasses</Filter>
    </ClCompile>
    <ClCompile Include="hkbtransformvectormodifier.cpp">
      <Filter>Source Files\hkbclasses</Filter>
    </ClCompile>
    <ClCompile Include="hkbproxymodifier.cpp">
      <Filter>Source Files\hkbclasses</Filter>
    </ClCompile>
    <ClCompile Include="hkblookatmodifier.cpp">
      <Filter>Source Files\hkbclasses</Filter>
    </ClCompile>
    <ClCompile Include="hkbmirrormodifier.cpp">
      <Filter>Source Files\hkbclasses</Filter>
    </ClCompile>
    <ClCompile Include="hkbgetworldfrommodelmodifier.cpp">
      <Filter>Source Files\hkbclasses</Filter>
    </ClCompile>
    <ClCompile Include="hkbsensehandlemodifier.cpp">
      <Filter>Source Files\hkbclasses</Filter>
    </ClCompile>
    <ClCompile Include="hkbevaluateexpressionmodifier.cpp">
      <Filter>Source Files\hkbclasses</Filter>
    </ClCompile>
    <ClCompile Include="hkbexpressiondataarray.cpp">
      <Filter>Source Files\hkbclasses</Filter>
    </ClCompile>
    <ClCompile Include="hkbevaluatehandlemodifier.cpp">
      <Filter>Source Files\hkbclasses</Filter>
    </ClCompile>
    <ClCompile Include="hkbattachmentmodifier.cpp">
      <Filter>Source Files\hkbclasses</Filter>
    </ClCompile>
    <ClCompile Include="hkbattributemodifier.cpp">
      <Filter>Source Files\hkbclasses</Filter>
    </ClCompile>
    <ClCompile Include="hkbcombinetransformsmodifier.cpp">
      <Filter>Source Files\hkbclasses</Filter>
    </ClCompile>
    <ClCompile Include="hkbeventsfromrangemodifier.cpp">
      <Filter>Source Files\hkbclasses</Filter>
    </ClCompile>
    <ClCompile Include="hkbeventrangedataarray.cpp">
      <Filter>Source Files\hkbclasses</Filter>
    </ClCompile>
    <ClCompile Include="hkbmovecharactermodifier.cpp">
      <Filter>Source Files\hkbclasses</Filter>
    </ClCompile>
    <ClCompile Include="hkbextractragdollposemodifier.cpp">
      <Filter>Source Files\hkbclasses</Filter>
    </ClCompile>
    <ClCompile Include="bsmodifyoncemodifier.cpp">
      <Filter>Source Files\hkbclasses</Filter>
    </ClCompile>
    <ClCompile Include="bseventondeactivatemodifier.cpp">
      <Filter>Source Files\hkbclasses</Filter>
    </ClCompile>
    <ClCompile Include="bseventeveryneventsmodifier.cpp">
      <Filter>Source Files\hkbclasses</Filter>
    </ClCompile>
    <ClCompile Include="bsragdollcontactlistenermodifier.cpp">
      <Filter>Source Files\hkbclasses</Filter>
    </ClCompile>
    <ClCompile Include="hkbpoweredragdollcontrolmodifier.cpp">
      <Filter>Source Files\hkbclasses</Filter>
    </ClCompile>
    <ClCompile Include="bseventonfalsetotruemodifier.cpp">
      <Filter>Source Files\hkbclasses</Filter>
    </ClCompile>
    <ClCompile Include="bsdirectatmodifier.cpp">
      <Filter>Source Files\hkbclasses</Filter>
    </ClCompile>
    <ClCompile Include="bsdisttriggermodifier.cpp">
      <Filter>Source Files\hkbclasses</Filter>
    </ClCompile>
    <ClCompile Include="bsdecomposevectormodifier.cpp">
      <Filter>Source Files\hkbclasses</Filter>
    </ClCompile>
    <ClCompile Include="bscomputeaddboneanimmodifier.cpp">
      <Filter>Source Files\hkbclasses</Filter>
    </ClCompile>
    <ClCompile Include="bstweenermodifier.cpp">
      <Filter>Source Files\hkbclasses</Filter>
    </ClCompile>
    <ClCompile Include="bsistatemanagermodifier.cpp">
      <Filter>Source Files\hkbclasses</Filter>
    </ClCompile>
    <ClCompile Include="hkbtimermodifier.cpp">
      <Filter>Source Files\hkbclasses</Filter>
    </ClCompile>
    <ClCompile Include="hkbrotatecharactermodifier.cpp">
      <Filter>Source Files\hkbclasses</Filter>
    </ClCompile>
    <ClCompile Include="hkbdampingmodifier.cpp">
      <Filter>Source Files\hkbclasses</Filter>
    </ClCompile>
    <ClCompile Include="hkbdelayedmodifier.cpp">
      <Filter>Source Files\hkbclasses</Filter>
    </ClCompile>
    <ClCompile Include="hkbgetupmodifier.cpp">
      <Filter>Source Files\hkbclasses</Filter>
    </ClCompile>
    <ClCompile Include="hkbkeyframebonesmodifier.cpp">
      <Filter>Source Files\hkbclasses</Filter>
    </ClCompile>
    <ClCompile Include="hkbboneindexarray.cpp">
      <Filter>Source Files\hkbclasses</Filter>
    </ClCompile>
    <ClCompile Include="hkbcomputedirectionmodifier.cpp">
      <Filter>Source Files\hkbclasses</Filter>
    </ClCompile>
    <ClCompile Include="hkbcomputerotationtotargetmodifier.cpp">
      <Filter>Source Files\hkbclasses</Filter>
    </ClCompile>
    <ClCompile Include="hkbcomputerotationfromaxisanglemodifier.cpp">
      <Filter>Source Files\hkbclasses</Filter>
    </ClCompile>
    <ClCompile Include="hkbrigidbodyragdollcontrolsmodifier.cpp">
      <Filter>Source Files\hkbclasses</Filter>
    </ClCompile>
    <ClCompile Include="bsspeedsamplermodifier.cpp">
      <Filter>Source Files\hkbclasses</Filter>
    </ClCompile>
    <ClCompile Include="hkbdetectclosetogroundmodifier.cpp">
      <Filter>Source Files\hkbclasses</Filter>
    </ClCompile>
    <ClCompile Include="bslookatmodifier.cpp">
      <Filter>Source Files\hkbclasses</Filter>
    </ClCompile>
    <ClCompile Include="bstimermodifier.cpp">
      <Filter>Source Files\hkbclasses</Filter>
    </ClCompile>
    <ClCompile Include="bspassbytargettriggermodifier.cpp">
      <Filter>Source Files\hkbclasses</Filter>
    </ClCompile>
    <ClCompile Include="hkbhandikcontrolsmodifier.cpp">
      <Filter>Source Files\hkbclasses</Filter>
    </ClCompile>
    <ClCompile Include="hkbbehaviorreferencegenerator.cpp">
      <Filter>Source Files\hkbclasses</Filter>
    </ClCompile>
    <ClCompile Include="bssynchronizedclipgenerator.cpp">
      <Filter>Source Files\hkbclasses</Filter>
    </ClCompile>
    <ClCompile Include="hkbmirroredskeletoninfo.cpp">
      <Filter>Source Files\hkbclasses</Filter>
    </ClCompile>
    <ClCompile Include="hkbcharacterstringdata.cpp">
      <Filter>Source Files\hkbclasses</Filter>
    </ClCompile>
    <ClCompile Include="hkbfootikdriverinfo.cpp">
      <Filter>Source Files\hkbclasses</Filter>
    </ClCompile>
    <ClCompile Include="hkbcharacterdata.cpp">
      <Filter>Source Files\hkbclasses</Filter>
    </ClCompile>
    <ClCompile Include="bsoffsetanimationgenerator.cpp">
      <Filter>Source Files\hkbclasses</Filter>
    </ClCompile>
    <ClCompile Include="hkbposematchinggenerator.cpp">
      <Filter>Source Files\hkbclasses</Filter>
    </ClCompile>
    <ClCompile Include="hkbstringcondition.cpp">
      <Filter>Source Files\hkbclasses</Filter>
    </ClCompile>
    <ClCompile Include="AnimData\animationdata.cpp">
      <Filter>Source Files\animdata</Filter>
    </ClCompile>
    <ClCompile Include="generatorlines.cpp">
      <Filter>Source Files\utilities</Filter>
    </ClCompile>
    <ClCompile Include="highestscore.cpp">
      <Filter>Source Files\utilities</Filter>
    </ClCompile>
    <ClCompile Include="boolstring.cpp">
      <Filter>Source Files\utilities</Filter>
    </ClCompile>
    <ClCompile Include="blendingOldFunction.cpp">
      <Filter>Source Files</Filter>
    </ClCompile>
  </ItemGroup>
  <ItemGroup>
    <ClInclude Include="bsboneswitchgenerator.h">
      <Filter>Header Files\hkbclasses</Filter>
    </ClInclude>
    <ClInclude Include="bsboneswitchgeneratorbonedata.h">
      <Filter>Header Files\hkbclasses</Filter>
    </ClInclude>
    <ClInclude Include="bscomputeaddboneanimmodifier.h">
      <Filter>Header Files\hkbclasses</Filter>
    </ClInclude>
    <ClInclude Include="bscyclicblendtransitiongenerator.h">
      <Filter>Header Files\hkbclasses</Filter>
    </ClInclude>
    <ClInclude Include="bsdecomposevectormodifier.h">
      <Filter>Header Files\hkbclasses</Filter>
    </ClInclude>
    <ClInclude Include="bsdirectatmodifier.h">
      <Filter>Header Files\hkbclasses</Filter>
    </ClInclude>
    <ClInclude Include="bsdisttriggermodifier.h">
      <Filter>Header Files\hkbclasses</Filter>
    </ClInclude>
    <ClInclude Include="bseventeveryneventsmodifier.h">
      <Filter>Header Files\hkbclasses</Filter>
    </ClInclude>
    <ClInclude Include="bseventondeactivatemodifier.h">
      <Filter>Header Files\hkbclasses</Filter>
    </ClInclude>
    <ClInclude Include="bseventonfalsetotruemodifier.h">
      <Filter>Header Files\hkbclasses</Filter>
    </ClInclude>
    <ClInclude Include="bsgettimestepmodifier.h">
      <Filter>Header Files\hkbclasses</Filter>
    </ClInclude>
    <ClInclude Include="bsinterpvaluemodifier.h">
      <Filter>Header Files\hkbclasses</Filter>
    </ClInclude>
    <ClInclude Include="bsisactivemodifier.h">
      <Filter>Header Files\hkbclasses</Filter>
    </ClInclude>
    <ClInclude Include="bsistatemanagermodifier.h">
      <Filter>Header Files\hkbclasses</Filter>
    </ClInclude>
    <ClInclude Include="bsistatetagginggenerator.h">
      <Filter>Header Files\hkbclasses</Filter>
    </ClInclude>
    <ClInclude Include="bslimbikmodifier.h">
      <Filter>Header Files\hkbclasses</Filter>
    </ClInclude>
    <ClInclude Include="bslookatmodifier.h">
      <Filter>Header Files\hkbclasses</Filter>
    </ClInclude>
    <ClInclude Include="bsmodifyoncemodifier.h">
      <Filter>Header Files\hkbclasses</Filter>
    </ClInclude>
    <ClInclude Include="bspassbytargettriggermodifier.h">
      <Filter>Header Files\hkbclasses</Filter>
    </ClInclude>
    <ClInclude Include="bsragdollcontactlistenermodifier.h">
      <Filter>Header Files\hkbclasses</Filter>
    </ClInclude>
    <ClInclude Include="bsspeedsamplermodifier.h">
      <Filter>Header Files\hkbclasses</Filter>
    </ClInclude>
    <ClInclude Include="bssynchronizedclipgenerator.h">
      <Filter>Header Files\hkbclasses</Filter>
    </ClInclude>
    <ClInclude Include="bstimermodifier.h">
      <Filter>Header Files\hkbclasses</Filter>
    </ClInclude>
    <ClInclude Include="bstweenermodifier.h">
      <Filter>Header Files\hkbclasses</Filter>
    </ClInclude>
    <ClInclude Include="hkbattachmentmodifier.h">
      <Filter>Header Files\hkbclasses</Filter>
    </ClInclude>
    <ClInclude Include="hkbattributemodifier.h">
      <Filter>Header Files\hkbclasses</Filter>
    </ClInclude>
    <ClInclude Include="hkbbehaviorgraph.h">
      <Filter>Header Files\hkbclasses</Filter>
    </ClInclude>
    <ClInclude Include="hkbbehaviorgraphdata.h">
      <Filter>Header Files\hkbclasses</Filter>
    </ClInclude>
    <ClInclude Include="hkbbehaviorgraphstringdata.h">
      <Filter>Header Files\hkbclasses</Filter>
    </ClInclude>
    <ClInclude Include="hkbbehaviorreferencegenerator.h">
      <Filter>Header Files\hkbclasses</Filter>
    </ClInclude>
    <ClInclude Include="hkbblendergenerator.h">
      <Filter>Header Files\hkbclasses</Filter>
    </ClInclude>
    <ClInclude Include="hkbblendergeneratorchild.h">
      <Filter>Header Files\hkbclasses</Filter>
    </ClInclude>
    <ClInclude Include="hkbblendingtransitioneffect.h">
      <Filter>Header Files\hkbclasses</Filter>
    </ClInclude>
    <ClInclude Include="hkbboneindexarray.h">
      <Filter>Header Files\hkbclasses</Filter>
    </ClInclude>
    <ClInclude Include="hkbboneweightarray.h">
      <Filter>Header Files\hkbclasses</Filter>
    </ClInclude>
    <ClInclude Include="hkbcharacterdata.h">
      <Filter>Header Files\hkbclasses</Filter>
    </ClInclude>
    <ClInclude Include="hkbcharacterstringdata.h">
      <Filter>Header Files\hkbclasses</Filter>
    </ClInclude>
    <ClInclude Include="hkbclipgenerator.h">
      <Filter>Header Files\hkbclasses</Filter>
    </ClInclude>
    <ClInclude Include="hkbcliptriggerarray.h">
      <Filter>Header Files\hkbclasses</Filter>
    </ClInclude>
    <ClInclude Include="hkbcombinetransformsmodifier.h">
      <Filter>Header Files\hkbclasses</Filter>
    </ClInclude>
    <ClInclude Include="hkbcomputedirectionmodifier.h">
      <Filter>Header Files\hkbclasses</Filter>
    </ClInclude>
    <ClInclude Include="hkbcomputerotationfromaxisanglemodifier.h">
      <Filter>Header Files\hkbclasses</Filter>
    </ClInclude>
    <ClInclude Include="hkbcomputerotationtotargetmodifier.h">
      <Filter>Header Files\hkbclasses</Filter>
    </ClInclude>
    <ClInclude Include="hkbdampingmodifier.h">
      <Filter>Header Files\hkbclasses</Filter>
    </ClInclude>
    <ClInclude Include="hkbdelayedmodifier.h">
      <Filter>Header Files\hkbclasses</Filter>
    </ClInclude>
    <ClInclude Include="hkbdetectclosetogroundmodifier.h">
      <Filter>Header Files\hkbclasses</Filter>
    </ClInclude>
    <ClInclude Include="hkbevaluateexpressionmodifier.h">
      <Filter>Header Files\hkbclasses</Filter>
    </ClInclude>
    <ClInclude Include="hkbevaluatehandlemodifier.h">
      <Filter>Header Files\hkbclasses</Filter>
    </ClInclude>
    <ClInclude Include="hkbeventdrivenmodifier.h">
      <Filter>Header Files\hkbclasses</Filter>
    </ClInclude>
    <ClInclude Include="hkbeventrangedataarray.h">
      <Filter>Header Files\hkbclasses</Filter>
    </ClInclude>
    <ClInclude Include="hkbeventsfromrangemodifier.h">
      <Filter>Header Files\hkbclasses</Filter>
    </ClInclude>
    <ClInclude Include="hkbexpressioncondition.h">
      <Filter>Header Files\hkbclasses</Filter>
    </ClInclude>
    <ClInclude Include="hkbexpressiondataarray.h">
      <Filter>Header Files\hkbclasses</Filter>
    </ClInclude>
    <ClInclude Include="hkbextractragdollposemodifier.h">
      <Filter>Header Files\hkbclasses</Filter>
    </ClInclude>
    <ClInclude Include="hkbfootikcontrolsmodifier.h">
      <Filter>Header Files\hkbclasses</Filter>
    </ClInclude>
    <ClInclude Include="hkbfootikdriverinfo.h">
      <Filter>Header Files\hkbclasses</Filter>
    </ClInclude>
    <ClInclude Include="hkbgethandleonbonemodifier.h">
      <Filter>Header Files\hkbclasses</Filter>
    </ClInclude>
    <ClInclude Include="hkbgetupmodifier.h">
      <Filter>Header Files\hkbclasses</Filter>
    </ClInclude>
    <ClInclude Include="hkbgetworldfrommodelmodifier.h">
      <Filter>Header Files\hkbclasses</Filter>
    </ClInclude>
    <ClInclude Include="hkbhandikcontrolsmodifier.h">
      <Filter>Header Files\hkbclasses</Filter>
    </ClInclude>
    <ClInclude Include="hkbkeyframebonesmodifier.h">
      <Filter>Header Files\hkbclasses</Filter>
    </ClInclude>
    <ClInclude Include="hkblookatmodifier.h">
      <Filter>Header Files\hkbclasses</Filter>
    </ClInclude>
    <ClInclude Include="hkbmanualselectorgenerator.h">
      <Filter>Header Files\hkbclasses</Filter>
    </ClInclude>
    <ClInclude Include="hkbmirroredskeletoninfo.h">
      <Filter>Header Files\hkbclasses</Filter>
    </ClInclude>
    <ClInclude Include="hkbmirrormodifier.h">
      <Filter>Header Files\hkbclasses</Filter>
    </ClInclude>
    <ClInclude Include="hkbmodifiergenerator.h">
      <Filter>Header Files\hkbclasses</Filter>
    </ClInclude>
    <ClInclude Include="hkbmodifierlist.h">
      <Filter>Header Files\hkbclasses</Filter>
    </ClInclude>
    <ClInclude Include="hkbmovecharactermodifier.h">
      <Filter>Header Files\hkbclasses</Filter>
    </ClInclude>
    <ClInclude Include="hkbpoweredragdollcontrolmodifier.h">
      <Filter>Header Files\hkbclasses</Filter>
    </ClInclude>
    <ClInclude Include="hkbproxymodifier.h">
      <Filter>Header Files\hkbclasses</Filter>
    </ClInclude>
    <ClInclude Include="hkbrigidbodyragdollcontrolsmodifier.h">
      <Filter>Header Files\hkbclasses</Filter>
    </ClInclude>
    <ClInclude Include="hkbrotatecharactermodifier.h">
      <Filter>Header Files\hkbclasses</Filter>
    </ClInclude>
    <ClInclude Include="hkbsensehandlemodifier.h">
      <Filter>Header Files\hkbclasses</Filter>
    </ClInclude>
    <ClInclude Include="hkbstatemachine.h">
      <Filter>Header Files\hkbclasses</Filter>
    </ClInclude>
    <ClInclude Include="hkbstatemachineeventpropertyarray.h">
      <Filter>Header Files\hkbclasses</Filter>
    </ClInclude>
    <ClInclude Include="hkbstatemachinestateinfo.h">
      <Filter>Header Files\hkbclasses</Filter>
    </ClInclude>
    <ClInclude Include="hkbstatemachinetransitioninfoarray.h">
      <Filter>Header Files\hkbclasses</Filter>
    </ClInclude>
    <ClInclude Include="hkbstringeventpayload.h">
      <Filter>Header Files\hkbclasses</Filter>
    </ClInclude>
    <ClInclude Include="hkbtimermodifier.h">
      <Filter>Header Files\hkbclasses</Filter>
    </ClInclude>
    <ClInclude Include="hkbtransformvectormodifier.h">
      <Filter>Header Files\hkbclasses</Filter>
    </ClInclude>
    <ClInclude Include="hkbtwistmodifier.h">
      <Filter>Header Files\hkbclasses</Filter>
    </ClInclude>
    <ClInclude Include="hkbvariablebindingset.h">
      <Filter>Header Files\hkbclasses</Filter>
    </ClInclude>
    <ClInclude Include="hkbvariablevalueset.h">
      <Filter>Header Files\hkbclasses</Filter>
    </ClInclude>
    <ClInclude Include="hkrootlevelcontainer.h">
      <Filter>Header Files\hkbclasses</Filter>
    </ClInclude>
    <ClInclude Include="Global.h">
      <Filter>Header Files</Filter>
    </ClInclude>
    <ClInclude Include="Global-Addon.h">
      <Filter>Header Files</Filter>
    </ClInclude>
    <ClInclude Include="Global-Type.h">
      <Filter>Header Files</Filter>
    </ClInclude>
    <ClInclude Include="bsoffsetanimationgenerator.h">
      <Filter>Header Files\hkbclasses</Filter>
    </ClInclude>
    <ClInclude Include="hkbposematchinggenerator.h">
      <Filter>Header Files\hkbclasses</Filter>
    </ClInclude>
    <ClInclude Include="hkbstringcondition.h">
      <Filter>Header Files\hkbclasses</Filter>
    </ClInclude>
    <ClInclude Include="AnimData\animationdata.h">
      <Filter>Header Files\animdata</Filter>
    </ClInclude>
    <ClInclude Include="generatorlines.h">
      <Filter>Header Files\utilities</Filter>
    </ClInclude>
    <ClInclude Include="highestscore.h">
      <Filter>Header Files\utilities</Filter>
    </ClInclude>
    <ClInclude Include="boolstring.h">
      <Filter>Header Files\utilities</Filter>
    </ClInclude>
    <ClInclude Include="blendingOldFunction.h">
      <Filter>Header Files</Filter>
    </ClInclude>
  </ItemGroup>
</Project>