<?xml version="1.0" encoding="utf-8"?>
<Project ToolsVersion="4.0" xmlns="http://schemas.microsoft.com/developer/msbuild/2003">
  <ItemGroup>
    <Filter Include="Source Files">
      <UniqueIdentifier>{4FC737F1-C7A5-4376-A066-2A32D752A2FF}</UniqueIdentifier>
      <Extensions>cpp;c;cc;cxx;def;odl;idl;hpj;bat;asm;asmx</Extensions>
    </Filter>
    <Filter Include="Header Files">
      <UniqueIdentifier>{93995380-89BD-4b04-88EB-625FBE52EBFB}</UniqueIdentifier>
      <Extensions>h;hh;hpp;hxx;hm;inl;inc;xsd</Extensions>
    </Filter>
    <Filter Include="Resource Files">
      <UniqueIdentifier>{67DA6AB6-F800-4c08-8B7A-83BB121AAD01}</UniqueIdentifier>
      <Extensions>rc;ico;cur;bmp;dlg;rc2;rct;bin;rgs;gif;jpg;jpeg;jpe;resx;tiff;tif;png;wav;mfcribbon-ms</Extensions>
    </Filter>
    <Filter Include="Source Files\hkbclasses">
      <UniqueIdentifier>{ac77bee6-b0a7-47a9-ae01-f5d5a02ca126}</UniqueIdentifier>
    </Filter>
    <Filter Include="Header Files\hkbclasses">
      <UniqueIdentifier>{efd8caef-d45f-4ef6-a6c5-4d3c9ea81142}</UniqueIdentifier>
    </Filter>
    <Filter Include="Header Files\animdata">
      <UniqueIdentifier>{233e2822-67a3-484e-831d-2c4b3da47ba2}</UniqueIdentifier>
    </Filter>
    <Filter Include="Source Files\animdata">
      <UniqueIdentifier>{cd881024-27ac-42c2-8d9a-51bddf58e209}</UniqueIdentifier>
    </Filter>
    <Filter Include="Source Files\utilities">
      <UniqueIdentifier>{fe456280-2c30-4e66-a1d6-fbbab7593496}</UniqueIdentifier>
    </Filter>
    <Filter Include="Header Files\utilities">
      <UniqueIdentifier>{a5fea8b7-9502-47f2-946d-6d8779006b3a}</UniqueIdentifier>
    </Filter>
    <Filter Include="Header Files\animsetdata">
      <UniqueIdentifier>{d70ddb1f-c4a5-45c2-86d2-fc27dad1ec34}</UniqueIdentifier>
    </Filter>
    <Filter Include="Source Files\animsetdata">
      <UniqueIdentifier>{bd1bb599-3c2e-49cf-9ff1-536a96f05e63}</UniqueIdentifier>
    </Filter>
    <Filter Include="Header Files\hkbclasses\generator">
      <UniqueIdentifier>{7c25e0bf-da26-4671-925c-07b7a7466722}</UniqueIdentifier>
    </Filter>
    <Filter Include="Header Files\hkbclasses\modifier">
      <UniqueIdentifier>{80884fd8-eccb-4d1d-80b4-0eaca6b6085c}</UniqueIdentifier>
    </Filter>
    <Filter Include="Header Files\hkbclasses\generator\bone">
      <UniqueIdentifier>{5ca876e4-3f6c-4cf5-8af6-773e1372843b}</UniqueIdentifier>
    </Filter>
    <Filter Include="Source Files\hkbclasses\generator">
      <UniqueIdentifier>{17ed1a4b-7886-4bbd-b266-b374e9b13774}</UniqueIdentifier>
    </Filter>
    <Filter Include="Source Files\hkbclasses\generator\bone">
      <UniqueIdentifier>{7daa9425-fb18-462f-8bf6-f2c5895fe8cc}</UniqueIdentifier>
    </Filter>
    <Filter Include="Header Files\hkbclasses\bone">
      <UniqueIdentifier>{7149f2af-026e-4c24-899e-f329beb0d6b6}</UniqueIdentifier>
    </Filter>
    <Filter Include="Source Files\hkbclasses\modifier">
      <UniqueIdentifier>{9b63215d-75b1-4f70-8d0e-4929eca9b946}</UniqueIdentifier>
    </Filter>
    <Filter Include="Source Files\hkbclasses\bone">
      <UniqueIdentifier>{01f3345c-4f04-4221-8a3b-d65000f333d2}</UniqueIdentifier>
    </Filter>
    <Filter Include="Header Files\hkbclasses\generator\blender">
      <UniqueIdentifier>{fb93188e-49fe-4146-a8df-085cbbaaec73}</UniqueIdentifier>
    </Filter>
    <Filter Include="Source Files\hkbclasses\generator\blender">
      <UniqueIdentifier>{071206f4-c80c-4adc-b309-3ae367f51334}</UniqueIdentifier>
    </Filter>
    <Filter Include="Source Files\hkbclasses\generator\clip">
      <UniqueIdentifier>{adde3347-0fd1-4641-a8a8-a6b3d6d37b7e}</UniqueIdentifier>
    </Filter>
    <Filter Include="Header Files\hkbclasses\generator\clip">
      <UniqueIdentifier>{e2514824-50c9-46e8-86dc-657d9b2f5b22}</UniqueIdentifier>
    </Filter>
    <Filter Include="Header Files\hkbclasses\generator\statemachine">
      <UniqueIdentifier>{2b801dfd-6378-47bb-83f6-fa4541c25cf5}</UniqueIdentifier>
    </Filter>
    <Filter Include="Source Files\hkbclasses\generator\statemachine">
      <UniqueIdentifier>{cd639c03-789a-457b-aacd-a1427ffcae16}</UniqueIdentifier>
    </Filter>
    <Filter Include="Source Files\hkbclasses\condition">
      <UniqueIdentifier>{13e3092b-1393-4347-8ffb-a470143196f2}</UniqueIdentifier>
    </Filter>
    <Filter Include="Header Files\hkbclasses\condition">
      <UniqueIdentifier>{08dc4bb4-cbae-4042-af66-9a3ad293c29e}</UniqueIdentifier>
    </Filter>
    <Filter Include="Header Files\hkbclasses\transition">
      <UniqueIdentifier>{1e86da89-c1a4-458c-9488-2f59aef98476}</UniqueIdentifier>
    </Filter>
    <Filter Include="Source Files\hkbclasses\transition">
      <UniqueIdentifier>{d853ddae-0d80-4623-a668-e5dfb8af2c9a}</UniqueIdentifier>
    </Filter>
    <Filter Include="Header Files\hkbclasses\modifier\base">
      <UniqueIdentifier>{f3d22f90-7e5a-4a6c-8c32-71d4ff2d10dc}</UniqueIdentifier>
    </Filter>
  </ItemGroup>
  <ItemGroup>
    <ClCompile Include="main.cpp">
      <Filter>Source Files</Filter>
    </ClCompile>
    <ClCompile Include="Global.cpp">
      <Filter>Source Files</Filter>
    </ClCompile>
    <ClCompile Include="Global-Addon.cpp">
      <Filter>Source Files</Filter>
    </ClCompile>
    <ClCompile Include="AnimData\animationdata.cpp">
      <Filter>Source Files\animdata</Filter>
    </ClCompile>
    <ClCompile Include="generatorlines.cpp">
      <Filter>Source Files\utilities</Filter>
    </ClCompile>
    <ClCompile Include="highestscore.cpp">
      <Filter>Source Files\utilities</Filter>
    </ClCompile>
    <ClCompile Include="boolstring.cpp">
      <Filter>Source Files\utilities</Filter>
    </ClCompile>
    <ClCompile Include="blendingOldFunction.cpp">
      <Filter>Source Files</Filter>
    </ClCompile>
    <ClCompile Include="src\FillFunction.cpp">
      <Filter>Source Files\utilities</Filter>
    </ClCompile>
    <ClCompile Include="AnimData\animdatamatch.cpp">
      <Filter>Source Files\animdata</Filter>
    </ClCompile>
    <ClCompile Include="AnimData\animdatacore.cpp">
      <Filter>Source Files\animdata</Filter>
    </ClCompile>
    <ClCompile Include="AnimSetData\animationsetdata.cpp">
      <Filter>Source Files\animsetdata</Filter>
    </ClCompile>
    <ClCompile Include="AnimSetData\animsetdatacore.cpp">
      <Filter>Source Files\animsetdata</Filter>
    </ClCompile>
    <ClCompile Include="readdirectory.cpp">
      <Filter>Source Files\utilities</Filter>
    </ClCompile>
    <ClCompile Include="src\atomiclock.cpp">
      <Filter>Source Files\utilities</Filter>
    </ClCompile>
    <ClCompile Include="src\hkx\generator\bs\bone\bsboneswitchgenerator.cpp">
      <Filter>Source Files\hkbclasses\generator\bone</Filter>
    </ClCompile>
    <ClCompile Include="src\hkx\generator\bs\bone\bsboneswitchgeneratorbonedata.cpp">
      <Filter>Source Files\hkbclasses\generator\bone</Filter>
    </ClCompile>
    <ClCompile Include="src\hkx\hkbstringeventpayload.cpp">
      <Filter>Source Files\hkbclasses</Filter>
    </ClCompile>
    <ClCompile Include="src\hkx\bone\hkbboneindexarray.cpp">
      <Filter>Source Files\hkbclasses\bone</Filter>
    </ClCompile>
    <ClCompile Include="src\hkx\bone\hkbboneweightarray.cpp">
      <Filter>Source Files\hkbclasses\bone</Filter>
    </ClCompile>
    <ClCompile Include="src\hkx\modifier\bscomputeaddboneanimmodifier.cpp">
      <Filter>Source Files\hkbclasses\modifier</Filter>
    </ClCompile>
    <ClCompile Include="src\hkx\generator\bs\bscyclicblendtransitiongenerator.cpp">
      <Filter>Source Files\hkbclasses\generator</Filter>
    </ClCompile>
    <ClCompile Include="src\hkx\modifier\bsdecomposevectormodifier.cpp">
      <Filter>Source Files\hkbclasses\modifier</Filter>
    </ClCompile>
    <ClCompile Include="src\hkx\modifier\bsdirectatmodifier.cpp">
      <Filter>Source Files\hkbclasses\modifier</Filter>
    </ClCompile>
    <ClCompile Include="src\hkx\modifier\bsdisttriggermodifier.cpp">
      <Filter>Source Files\hkbclasses\modifier</Filter>
    </ClCompile>
    <ClCompile Include="src\hkx\modifier\bseventeveryneventsmodifier.cpp">
      <Filter>Source Files\hkbclasses\modifier</Filter>
    </ClCompile>
    <ClCompile Include="src\hkx\modifier\bseventondeactivatemodifier.cpp">
      <Filter>Source Files\hkbclasses\modifier</Filter>
    </ClCompile>
    <ClCompile Include="src\hkx\modifier\bseventonfalsetotruemodifier.cpp">
      <Filter>Source Files\hkbclasses\modifier</Filter>
    </ClCompile>
    <ClCompile Include="src\hkx\modifier\bsgettimestepmodifier.cpp">
      <Filter>Source Files\hkbclasses\modifier</Filter>
    </ClCompile>
    <ClCompile Include="src\hkx\modifier\bsinterpvaluemodifier.cpp">
      <Filter>Source Files\hkbclasses\modifier</Filter>
    </ClCompile>
    <ClCompile Include="src\hkx\modifier\bsisactivemodifier.cpp">
      <Filter>Source Files\hkbclasses\modifier</Filter>
    </ClCompile>
    <ClCompile Include="src\hkx\modifier\bsistatemanagermodifier.cpp">
      <Filter>Source Files\hkbclasses\modifier</Filter>
    </ClCompile>
    <ClCompile Include="src\hkx\modifier\bslimbikmodifier.cpp">
      <Filter>Source Files\hkbclasses\modifier</Filter>
    </ClCompile>
    <ClCompile Include="src\hkx\modifier\bslookatmodifier.cpp">
      <Filter>Source Files\hkbclasses\modifier</Filter>
    </ClCompile>
    <ClCompile Include="src\hkx\modifier\bsmodifyoncemodifier.cpp">
      <Filter>Source Files\hkbclasses\modifier</Filter>
    </ClCompile>
    <ClCompile Include="src\hkx\modifier\bspassbytargettriggermodifier.cpp">
      <Filter>Source Files\hkbclasses\modifier</Filter>
    </ClCompile>
    <ClCompile Include="src\hkx\modifier\bsragdollcontactlistenermodifier.cpp">
      <Filter>Source Files\hkbclasses\modifier</Filter>
    </ClCompile>
    <ClCompile Include="src\hkx\modifier\bsspeedsamplermodifier.cpp">
      <Filter>Source Files\hkbclasses\modifier</Filter>
    </ClCompile>
    <ClCompile Include="src\hkx\modifier\bstimermodifier.cpp">
      <Filter>Source Files\hkbclasses\modifier</Filter>
    </ClCompile>
    <ClCompile Include="src\hkx\modifier\bstweenermodifier.cpp">
      <Filter>Source Files\hkbclasses\modifier</Filter>
    </ClCompile>
    <ClCompile Include="src\hkx\modifier\hkbattachmentmodifier.cpp">
      <Filter>Source Files\hkbclasses\modifier</Filter>
    </ClCompile>
    <ClCompile Include="src\hkx\modifier\hkbattributemodifier.cpp">
      <Filter>Source Files\hkbclasses\modifier</Filter>
    </ClCompile>
    <ClCompile Include="src\hkx\modifier\hkbcombinetransformsmodifier.cpp">
      <Filter>Source Files\hkbclasses\modifier</Filter>
    </ClCompile>
    <ClCompile Include="src\hkx\modifier\hkbcomputedirectionmodifier.cpp">
      <Filter>Source Files\hkbclasses\modifier</Filter>
    </ClCompile>
    <ClCompile Include="src\hkx\modifier\hkbcomputerotationfromaxisanglemodifier.cpp">
      <Filter>Source Files\hkbclasses\modifier</Filter>
    </ClCompile>
    <ClCompile Include="src\hkx\modifier\hkbcomputerotationtotargetmodifier.cpp">
      <Filter>Source Files\hkbclasses\modifier</Filter>
    </ClCompile>
    <ClCompile Include="src\hkx\modifier\hkbdampingmodifier.cpp">
      <Filter>Source Files\hkbclasses\modifier</Filter>
    </ClCompile>
    <ClCompile Include="src\hkx\modifier\hkbdelayedmodifier.cpp">
      <Filter>Source Files\hkbclasses\modifier</Filter>
    </ClCompile>
    <ClCompile Include="src\hkx\modifier\hkbdetectclosetogroundmodifier.cpp">
      <Filter>Source Files\hkbclasses\modifier</Filter>
    </ClCompile>
    <ClCompile Include="src\hkx\modifier\hkbevaluateexpressionmodifier.cpp">
      <Filter>Source Files\hkbclasses\modifier</Filter>
    </ClCompile>
    <ClCompile Include="src\hkx\modifier\hkbevaluatehandlemodifier.cpp">
      <Filter>Source Files\hkbclasses\modifier</Filter>
    </ClCompile>
    <ClCompile Include="src\hkx\modifier\hkbeventdrivenmodifier.cpp">
      <Filter>Source Files\hkbclasses\modifier</Filter>
    </ClCompile>
    <ClCompile Include="src\hkx\modifier\hkbeventsfromrangemodifier.cpp">
      <Filter>Source Files\hkbclasses\modifier</Filter>
    </ClCompile>
    <ClCompile Include="src\hkx\modifier\hkbextractragdollposemodifier.cpp">
      <Filter>Source Files\hkbclasses\modifier</Filter>
    </ClCompile>
    <ClCompile Include="src\hkx\modifier\hkbfootikcontrolsmodifier.cpp">
      <Filter>Source Files\hkbclasses\modifier</Filter>
    </ClCompile>
    <ClCompile Include="src\hkx\modifier\hkbgethandleonbonemodifier.cpp">
      <Filter>Source Files\hkbclasses\modifier</Filter>
    </ClCompile>
    <ClCompile Include="src\hkx\modifier\hkbgetupmodifier.cpp">
      <Filter>Source Files\hkbclasses\modifier</Filter>
    </ClCompile>
    <ClCompile Include="src\hkx\modifier\hkbgetworldfrommodelmodifier.cpp">
      <Filter>Source Files\hkbclasses\modifier</Filter>
    </ClCompile>
    <ClCompile Include="src\hkx\modifier\hkbhandikcontrolsmodifier.cpp">
      <Filter>Source Files\hkbclasses\modifier</Filter>
    </ClCompile>
    <ClCompile Include="src\hkx\modifier\hkbkeyframebonesmodifier.cpp">
      <Filter>Source Files\hkbclasses\modifier</Filter>
    </ClCompile>
    <ClCompile Include="src\hkx\modifier\hkblookatmodifier.cpp">
      <Filter>Source Files\hkbclasses\modifier</Filter>
    </ClCompile>
    <ClCompile Include="src\hkx\modifier\hkbmirrormodifier.cpp">
      <Filter>Source Files\hkbclasses\modifier</Filter>
    </ClCompile>
    <ClCompile Include="src\hkx\modifier\hkbmodifierlist.cpp">
      <Filter>Source Files\hkbclasses\modifier</Filter>
    </ClCompile>
    <ClCompile Include="src\hkx\modifier\hkbmovecharactermodifier.cpp">
      <Filter>Source Files\hkbclasses\modifier</Filter>
    </ClCompile>
    <ClCompile Include="src\hkx\modifier\hkbpoweredragdollcontrolmodifier.cpp">
      <Filter>Source Files\hkbclasses\modifier</Filter>
    </ClCompile>
    <ClCompile Include="src\hkx\modifier\hkbproxymodifier.cpp">
      <Filter>Source Files\hkbclasses\modifier</Filter>
    </ClCompile>
    <ClCompile Include="src\hkx\modifier\hkbrigidbodyragdollcontrolsmodifier.cpp">
      <Filter>Source Files\hkbclasses\modifier</Filter>
    </ClCompile>
    <ClCompile Include="src\hkx\modifier\hkbrotatecharactermodifier.cpp">
      <Filter>Source Files\hkbclasses\modifier</Filter>
    </ClCompile>
    <ClCompile Include="src\hkx\modifier\hkbsensehandlemodifier.cpp">
      <Filter>Source Files\hkbclasses\modifier</Filter>
    </ClCompile>
    <ClCompile Include="src\hkx\modifier\hkbtimermodifier.cpp">
      <Filter>Source Files\hkbclasses\modifier</Filter>
    </ClCompile>
    <ClCompile Include="src\hkx\modifier\hkbtransformvectormodifier.cpp">
      <Filter>Source Files\hkbclasses\modifier</Filter>
    </ClCompile>
    <ClCompile Include="src\hkx\modifier\hkbtwistmodifier.cpp">
      <Filter>Source Files\hkbclasses\modifier</Filter>
    </ClCompile>
    <ClCompile Include="src\hkx\generator\bs\bsistatetagginggenerator.cpp">
      <Filter>Source Files\hkbclasses\generator</Filter>
    </ClCompile>
    <ClCompile Include="src\hkx\generator\bs\bsoffsetanimationgenerator.cpp">
      <Filter>Source Files\hkbclasses\generator</Filter>
    </ClCompile>
    <ClCompile Include="src\hkx\generator\bs\bssynchronizedclipgenerator.cpp">
      <Filter>Source Files\hkbclasses\generator</Filter>
    </ClCompile>
    <ClCompile Include="src\hkx\generator\hkbbehaviorgraph.cpp">
      <Filter>Source Files\hkbclasses\generator</Filter>
    </ClCompile>
    <ClCompile Include="src\hkx\generator\hkbbehaviorreferencegenerator.cpp">
      <Filter>Source Files\hkbclasses\generator</Filter>
    </ClCompile>
    <ClCompile Include="src\hkx\generator\blender\hkbblendergenerator.cpp">
      <Filter>Source Files\hkbclasses\generator\blender</Filter>
    </ClCompile>
    <ClCompile Include="src\hkx\generator\blender\hkbblendergeneratorchild.cpp">
      <Filter>Source Files\hkbclasses\generator\blender</Filter>
    </ClCompile>
    <ClCompile Include="src\hkx\hkbeventinfo.cpp">
      <Filter>Source Files\hkbclasses</Filter>
    </ClCompile>
    <ClCompile Include="src\hkx\hkbvariableinfo.cpp">
      <Filter>Source Files\hkbclasses</Filter>
    </ClCompile>
    <ClCompile Include="src\hkx\generator\clip\hkbclipgenerator.cpp">
      <Filter>Source Files\hkbclasses\generator\clip</Filter>
    </ClCompile>
    <ClCompile Include="src\hkx\generator\clip\hkbcliptriggerarray.cpp">
      <Filter>Source Files\hkbclasses\generator\clip</Filter>
    </ClCompile>
    <ClCompile Include="src\hkx\generator\hkbmanualselectorgenerator.cpp">
      <Filter>Source Files\hkbclasses\generator</Filter>
    </ClCompile>
    <ClCompile Include="src\hkx\generator\hkbmodifiergenerator.cpp">
      <Filter>Source Files\hkbclasses\generator</Filter>
    </ClCompile>
    <ClCompile Include="src\hkx\generator\blender\hkbposematchinggenerator.cpp">
      <Filter>Source Files\hkbclasses\generator\blender</Filter>
    </ClCompile>
    <ClCompile Include="src\hkx\hkbbehaviorgraphdata.cpp">
      <Filter>Source Files\hkbclasses</Filter>
    </ClCompile>
    <ClCompile Include="src\hkx\hkbbehaviorgraphstringdata.cpp">
      <Filter>Source Files\hkbclasses</Filter>
    </ClCompile>
    <ClCompile Include="src\hkx\hkbcharacterdata.cpp">
      <Filter>Source Files\hkbclasses</Filter>
    </ClCompile>
    <ClCompile Include="src\hkx\hkbcharacterstringdata.cpp">
      <Filter>Source Files\hkbclasses</Filter>
    </ClCompile>
    <ClCompile Include="src\hkx\hkbeventrangedataarray.cpp">
      <Filter>Source Files\hkbclasses</Filter>
    </ClCompile>
    <ClCompile Include="src\hkx\hkbexpressiondataarray.cpp">
      <Filter>Source Files\hkbclasses</Filter>
    </ClCompile>
    <ClCompile Include="src\hkx\hkbfootikdriverinfo.cpp">
      <Filter>Source Files\hkbclasses</Filter>
    </ClCompile>
    <ClCompile Include="src\hkx\hkbmirroredskeletoninfo.cpp">
      <Filter>Source Files\hkbclasses</Filter>
    </ClCompile>
    <ClCompile Include="src\hkx\hkbvariablebindingset.cpp">
      <Filter>Source Files\hkbclasses</Filter>
    </ClCompile>
    <ClCompile Include="src\hkx\hkbvariablevalueset.cpp">
      <Filter>Source Files\hkbclasses</Filter>
    </ClCompile>
    <ClCompile Include="src\hkx\hkrootlevelcontainer.cpp">
      <Filter>Source Files\hkbclasses</Filter>
    </ClCompile>
    <ClCompile Include="src\hkx\hkbhandikdriverinfo.cpp">
      <Filter>Source Files\hkbclasses</Filter>
    </ClCompile>
    <ClCompile Include="src\hkx\generator\statemachine\hkbstatemachine.cpp">
      <Filter>Source Files\hkbclasses\generator\statemachine</Filter>
    </ClCompile>
    <ClCompile Include="src\hkx\generator\statemachine\hkbstatemachineeventpropertyarray.cpp">
      <Filter>Source Files\hkbclasses\generator\statemachine</Filter>
    </ClCompile>
    <ClCompile Include="src\hkx\generator\statemachine\hkbstatemachinestateinfo.cpp">
      <Filter>Source Files\hkbclasses\generator\statemachine</Filter>
    </ClCompile>
    <ClCompile Include="src\hkx\generator\statemachine\hkbstatemachinetransitioninfoarray.cpp">
      <Filter>Source Files\hkbclasses\generator\statemachine</Filter>
    </ClCompile>
    <ClCompile Include="src\hkx\hkbhandle.cpp">
      <Filter>Source Files\hkbclasses</Filter>
    </ClCompile>
    <ClCompile Include="src\hkx\generator\hkbgenerator.cpp">
      <Filter>Source Files\hkbclasses\generator</Filter>
    </ClCompile>
    <ClCompile Include="src\hkx\modifier\hkbmodifier.cpp">
      <Filter>Source Files\hkbclasses\modifier</Filter>
    </ClCompile>
    <ClCompile Include="src\hkx\hkbattachmentsetup.cpp">
      <Filter>Source Files\hkbclasses</Filter>
    </ClCompile>
    <ClCompile Include="src\hkx\condition\hkbexpressioncondition.cpp">
      <Filter>Source Files\hkbclasses\condition</Filter>
    </ClCompile>
    <ClCompile Include="src\hkx\condition\hkbstringcondition.cpp">
      <Filter>Source Files\hkbclasses\condition</Filter>
    </ClCompile>
    <ClCompile Include="src\hkx\condition\hkbcondition.cpp">
      <Filter>Source Files\hkbclasses\condition</Filter>
    </ClCompile>
    <ClCompile Include="src\hkx\transition\hkbblendingtransitioneffect.cpp">
      <Filter>Source Files\hkbclasses\transition</Filter>
    </ClCompile>
    <ClCompile Include="src\hkx\transition\hkbgeneratortransitioneffect.cpp">
      <Filter>Source Files\hkbclasses\transition</Filter>
    </ClCompile>
    <ClCompile Include="src\hkx\transition\hkbtransitioneffect.cpp">
      <Filter>Source Files\hkbclasses\transition</Filter>
    </ClCompile>
    <ClCompile Include="src\hkx\generator\statemachine\hkbstatelistener.cpp">
      <Filter>Source Files\hkbclasses\generator\statemachine</Filter>
    </ClCompile>
    <ClCompile Include="src\hkx\generator\statemachine\hkbstatechooser.cpp">
      <Filter>Source Files\hkbclasses\generator\statemachine</Filter>
    </ClCompile>
    <ClCompile Include="AnimSetData\animsetdatamatch.cpp">
      <Filter>Source Files\animdata</Filter>
    </ClCompile>
    <ClCompile Include="src\hkx\hkbobject.cpp">
      <Filter>Source Files\hkbclasses</Filter>
    </ClCompile>
    <ClCompile Include="src\utilities\coordinate.cpp">
      <Filter>Source Files\utilities</Filter>
    </ClCompile>
    <ClCompile Include="src\utilities\voidmatch.cpp">
      <Filter>Source Files\utilities</Filter>
    </ClCompile>
    <ClCompile Include="src\utilities\xmlformat.cpp">
      <Filter>Source Files\utilities</Filter>
    </ClCompile>
    <ClCompile Include="src\utilities\objectmatch.cpp">
      <Filter>Source Files\utilities</Filter>
    </ClCompile>
    <ClCompile Include="src\utilities\parammatch.cpp">
      <Filter>Source Files\utilities</Filter>
    </ClCompile>
    <ClCompile Include="src\utilities\stringmatch.cpp">
      <Filter>Source Files\utilities</Filter>
    </ClCompile>
    <ClCompile Include="src\utilities\nemesisformat.cpp">
      <Filter>Source Files\utilities</Filter>
    </ClCompile>
    <ClCompile Include="src\stateid.cpp">
      <Filter>Source Files</Filter>
    </ClCompile>
    <ClCompile Include="src\utilities\variableinfopack.cpp">
      <Filter>Source Files\utilities</Filter>
    </ClCompile>
    <ClCompile Include="src\utilities\eventinfopack.cpp">
      <Filter>Source Files\utilities</Filter>
    </ClCompile>
    <ClCompile Include="src\utilities\attributeinfopack.cpp">
      <Filter>Source Files\utilities</Filter>
    </ClCompile>
    <ClCompile Include="src\hkx\blendcurve.cpp">
      <Filter>Source Files</Filter>
    </ClCompile>
    <ClCompile Include="src\utilities\stringdatalock.cpp">
      <Filter>Source Files\utilities</Filter>
    </ClCompile>
    <ClCompile Include="src\utilities\levenshteindistance.cpp">
      <Filter>Source Files\utilities</Filter>
    </ClCompile>
    <ClCompile Include="src\hkx\modifier\hkbfootikmodifier.cpp">
      <Filter>Source Files\hkbclasses\modifier</Filter>
    </ClCompile>
    <ClCompile Include="src\utilities\qstransform.cpp">
      <Filter>Source Files\utilities</Filter>
    </ClCompile>
  </ItemGroup>
  <ItemGroup>
    <ClInclude Include="Global.h">
      <Filter>Header Files</Filter>
    </ClInclude>
    <ClInclude Include="Global-Addon.h">
      <Filter>Header Files</Filter>
    </ClInclude>
    <ClInclude Include="Global-Type.h">
      <Filter>Header Files</Filter>
    </ClInclude>
    <ClInclude Include="AnimData\animationdata.h">
      <Filter>Header Files\animdata</Filter>
    </ClInclude>
    <ClInclude Include="generatorlines.h">
      <Filter>Header Files\utilities</Filter>
    </ClInclude>
    <ClInclude Include="highestscore.h">
      <Filter>Header Files\utilities</Filter>
    </ClInclude>
    <ClInclude Include="boolstring.h">
      <Filter>Header Files\utilities</Filter>
    </ClInclude>
    <ClInclude Include="blendingOldFunction.h">
      <Filter>Header Files</Filter>
    </ClInclude>
    <ClInclude Include="src\FillFunction.h">
      <Filter>Header Files\utilities</Filter>
    </ClInclude>
    <ClInclude Include="AnimData\animdatamatch.h">
      <Filter>Header Files\animdata</Filter>
    </ClInclude>
    <ClInclude Include="AnimData\animdatacore.h">
      <Filter>Header Files\animdata</Filter>
    </ClInclude>
    <ClInclude Include="AnimSetData\animationsetdata.h">
      <Filter>Header Files\animsetdata</Filter>
    </ClInclude>
    <ClInclude Include="AnimSetData\alphanum.hpp">
      <Filter>Header Files\animsetdata</Filter>
    </ClInclude>
    <ClInclude Include="AnimSetData\animsetdatacore.h">
      <Filter>Header Files\animsetdata</Filter>
    </ClInclude>
    <ClInclude Include="AnimSetData\animsetdatamatch.h">
      <Filter>Header Files\animsetdata</Filter>
    </ClInclude>
    <ClInclude Include="readdirectory.hpp">
      <Filter>Header Files\utilities</Filter>
    </ClInclude>
    <ClInclude Include="src\atomiclock.h">
      <Filter>Header Files\utilities</Filter>
    </ClInclude>
    <ClInclude Include="src\hkx\generator\hkbgenerator.h">
      <Filter>Header Files\hkbclasses\generator</Filter>
    </ClInclude>
    <ClInclude Include="src\hkx\hkbobject.h">
      <Filter>Header Files\hkbclasses</Filter>
    </ClInclude>
    <ClInclude Include="src\hkx\generator\bs\bone\bsboneswitchgenerator.h">
      <Filter>Header Files\hkbclasses\generator\bone</Filter>
    </ClInclude>
    <ClInclude Include="src\hkx\generator\bs\bone\bsboneswitchgeneratorbonedata.h">
      <Filter>Header Files\hkbclasses\generator\bone</Filter>
    </ClInclude>
    <ClInclude Include="src\hkx\bone\hkbboneindexarray.h">
      <Filter>Header Files\hkbclasses\bone</Filter>
    </ClInclude>
    <ClInclude Include="src\hkx\bone\hkbboneweightarray.h">
      <Filter>Header Files\hkbclasses\bone</Filter>
    </ClInclude>
    <ClInclude Include="src\hkx\hkbstringeventpayload.h">
      <Filter>Header Files\hkbclasses</Filter>
    </ClInclude>
    <ClInclude Include="src\hkx\modifier\bscomputeaddboneanimmodifier.h">
      <Filter>Header Files\hkbclasses\modifier</Filter>
    </ClInclude>
    <ClInclude Include="src\hkx\generator\bs\bscyclicblendtransitiongenerator.h">
      <Filter>Header Files\hkbclasses\generator</Filter>
    </ClInclude>
    <ClInclude Include="src\hkx\modifier\hkbmodifier.h">
      <Filter>Header Files\hkbclasses\modifier</Filter>
    </ClInclude>
    <ClInclude Include="src\hkx\modifier\bsdecomposevectormodifier.h">
      <Filter>Header Files\hkbclasses\modifier</Filter>
    </ClInclude>
    <ClInclude Include="src\hkx\modifier\bsdirectatmodifier.h">
      <Filter>Header Files\hkbclasses\modifier</Filter>
    </ClInclude>
    <ClInclude Include="src\hkx\modifier\bseventeveryneventsmodifier.h">
      <Filter>Header Files\hkbclasses\modifier</Filter>
    </ClInclude>
    <ClInclude Include="src\hkx\modifier\bseventondeactivatemodifier.h">
      <Filter>Header Files\hkbclasses\modifier</Filter>
    </ClInclude>
    <ClInclude Include="src\hkx\modifier\bseventonfalsetotruemodifier.h">
      <Filter>Header Files\hkbclasses\modifier</Filter>
    </ClInclude>
    <ClInclude Include="src\hkx\modifier\bsgettimestepmodifier.h">
      <Filter>Header Files\hkbclasses\modifier</Filter>
    </ClInclude>
    <ClInclude Include="src\hkx\modifier\bsinterpvaluemodifier.h">
      <Filter>Header Files\hkbclasses\modifier</Filter>
    </ClInclude>
    <ClInclude Include="src\hkx\modifier\bsisactivemodifier.h">
      <Filter>Header Files\hkbclasses\modifier</Filter>
    </ClInclude>
    <ClInclude Include="src\hkx\modifier\bsistatemanagermodifier.h">
      <Filter>Header Files\hkbclasses\modifier</Filter>
    </ClInclude>
    <ClInclude Include="src\hkx\modifier\bsdisttriggermodifier.h">
      <Filter>Header Files\hkbclasses\modifier</Filter>
    </ClInclude>
    <ClInclude Include="src\hkx\modifier\bslimbikmodifier.h">
      <Filter>Header Files\hkbclasses\modifier</Filter>
    </ClInclude>
    <ClInclude Include="src\hkx\modifier\bslookatmodifier.h">
      <Filter>Header Files\hkbclasses\modifier</Filter>
    </ClInclude>
    <ClInclude Include="src\hkx\modifier\bsmodifyoncemodifier.h">
      <Filter>Header Files\hkbclasses\modifier</Filter>
    </ClInclude>
    <ClInclude Include="src\hkx\modifier\bspassbytargettriggermodifier.h">
      <Filter>Header Files\hkbclasses\modifier</Filter>
    </ClInclude>
    <ClInclude Include="src\hkx\modifier\bsragdollcontactlistenermodifier.h">
      <Filter>Header Files\hkbclasses\modifier</Filter>
    </ClInclude>
    <ClInclude Include="src\hkx\modifier\bsspeedsamplermodifier.h">
      <Filter>Header Files\hkbclasses\modifier</Filter>
    </ClInclude>
    <ClInclude Include="src\hkx\modifier\bstimermodifier.h">
      <Filter>Header Files\hkbclasses\modifier</Filter>
    </ClInclude>
    <ClInclude Include="src\hkx\modifier\bstweenermodifier.h">
      <Filter>Header Files\hkbclasses\modifier</Filter>
    </ClInclude>
    <ClInclude Include="src\hkx\modifier\hkbattachmentmodifier.h">
      <Filter>Header Files\hkbclasses\modifier</Filter>
    </ClInclude>
    <ClInclude Include="src\hkx\modifier\hkbattributemodifier.h">
      <Filter>Header Files\hkbclasses\modifier</Filter>
    </ClInclude>
    <ClInclude Include="src\hkx\modifier\hkbcombinetransformsmodifier.h">
      <Filter>Header Files\hkbclasses\modifier</Filter>
    </ClInclude>
    <ClInclude Include="src\hkx\modifier\hkbcomputedirectionmodifier.h">
      <Filter>Header Files\hkbclasses\modifier</Filter>
    </ClInclude>
    <ClInclude Include="src\hkx\modifier\hkbcomputerotationfromaxisanglemodifier.h">
      <Filter>Header Files\hkbclasses\modifier</Filter>
    </ClInclude>
    <ClInclude Include="src\hkx\modifier\hkbcomputerotationtotargetmodifier.h">
      <Filter>Header Files\hkbclasses\modifier</Filter>
    </ClInclude>
    <ClInclude Include="src\hkx\modifier\hkbdampingmodifier.h">
      <Filter>Header Files\hkbclasses\modifier</Filter>
    </ClInclude>
    <ClInclude Include="src\hkx\modifier\hkbdelayedmodifier.h">
      <Filter>Header Files\hkbclasses\modifier</Filter>
    </ClInclude>
    <ClInclude Include="src\hkx\modifier\hkbdetectclosetogroundmodifier.h">
      <Filter>Header Files\hkbclasses\modifier</Filter>
    </ClInclude>
    <ClInclude Include="src\hkx\modifier\hkbevaluateexpressionmodifier.h">
      <Filter>Header Files\hkbclasses\modifier</Filter>
    </ClInclude>
    <ClInclude Include="src\hkx\modifier\hkbevaluatehandlemodifier.h">
      <Filter>Header Files\hkbclasses\modifier</Filter>
    </ClInclude>
    <ClInclude Include="src\hkx\modifier\hkbeventdrivenmodifier.h">
      <Filter>Header Files\hkbclasses\modifier</Filter>
    </ClInclude>
    <ClInclude Include="src\hkx\modifier\hkbeventsfromrangemodifier.h">
      <Filter>Header Files\hkbclasses\modifier</Filter>
    </ClInclude>
    <ClInclude Include="src\hkx\modifier\hkbextractragdollposemodifier.h">
      <Filter>Header Files\hkbclasses\modifier</Filter>
    </ClInclude>
    <ClInclude Include="src\hkx\modifier\hkbfootikcontrolsmodifier.h">
      <Filter>Header Files\hkbclasses\modifier</Filter>
    </ClInclude>
    <ClInclude Include="src\hkx\modifier\hkbgethandleonbonemodifier.h">
      <Filter>Header Files\hkbclasses\modifier</Filter>
    </ClInclude>
    <ClInclude Include="src\hkx\modifier\hkbgetupmodifier.h">
      <Filter>Header Files\hkbclasses\modifier</Filter>
    </ClInclude>
    <ClInclude Include="src\hkx\modifier\hkbgetworldfrommodelmodifier.h">
      <Filter>Header Files\hkbclasses\modifier</Filter>
    </ClInclude>
    <ClInclude Include="src\hkx\modifier\hkbhandikcontrolsmodifier.h">
      <Filter>Header Files\hkbclasses\modifier</Filter>
    </ClInclude>
    <ClInclude Include="src\hkx\modifier\hkbkeyframebonesmodifier.h">
      <Filter>Header Files\hkbclasses\modifier</Filter>
    </ClInclude>
    <ClInclude Include="src\hkx\modifier\hkblookatmodifier.h">
      <Filter>Header Files\hkbclasses\modifier</Filter>
    </ClInclude>
    <ClInclude Include="src\hkx\modifier\hkbmirrormodifier.h">
      <Filter>Header Files\hkbclasses\modifier</Filter>
    </ClInclude>
    <ClInclude Include="src\hkx\modifier\hkbmodifierlist.h">
      <Filter>Header Files\hkbclasses\modifier</Filter>
    </ClInclude>
    <ClInclude Include="src\hkx\modifier\hkbmovecharactermodifier.h">
      <Filter>Header Files\hkbclasses\modifier</Filter>
    </ClInclude>
    <ClInclude Include="src\hkx\modifier\hkbpoweredragdollcontrolmodifier.h">
      <Filter>Header Files\hkbclasses\modifier</Filter>
    </ClInclude>
    <ClInclude Include="src\hkx\modifier\hkbproxymodifier.h">
      <Filter>Header Files\hkbclasses\modifier</Filter>
    </ClInclude>
    <ClInclude Include="src\hkx\modifier\hkbrigidbodyragdollcontrolsmodifier.h">
      <Filter>Header Files\hkbclasses\modifier</Filter>
    </ClInclude>
    <ClInclude Include="src\hkx\modifier\hkbrotatecharactermodifier.h">
      <Filter>Header Files\hkbclasses\modifier</Filter>
    </ClInclude>
    <ClInclude Include="src\hkx\modifier\hkbsensehandlemodifier.h">
      <Filter>Header Files\hkbclasses\modifier</Filter>
    </ClInclude>
    <ClInclude Include="src\hkx\hkbattachmentsetup.h">
      <Filter>Header Files\hkbclasses</Filter>
    </ClInclude>
    <ClInclude Include="src\hkx\hkbhandle.h">
      <Filter>Header Files\hkbclasses</Filter>
    </ClInclude>
    <ClInclude Include="src\hkx\hkbeventproperty.h">
      <Filter>Header Files\hkbclasses</Filter>
    </ClInclude>
    <ClInclude Include="src\hkx\modifier\hkbtimermodifier.h">
      <Filter>Header Files\hkbclasses\modifier</Filter>
    </ClInclude>
    <ClInclude Include="src\hkx\modifier\hkbtransformvectormodifier.h">
      <Filter>Header Files\hkbclasses\modifier</Filter>
    </ClInclude>
    <ClInclude Include="src\hkx\modifier\hkbtwistmodifier.h">
      <Filter>Header Files\hkbclasses\modifier</Filter>
    </ClInclude>
    <ClInclude Include="src\hkx\generator\bs\bsistatetagginggenerator.h">
      <Filter>Header Files\hkbclasses\generator</Filter>
    </ClInclude>
    <ClInclude Include="src\hkx\generator\bs\bsoffsetanimationgenerator.h">
      <Filter>Header Files\hkbclasses\generator</Filter>
    </ClInclude>
    <ClInclude Include="src\hkx\generator\bs\bssynchronizedclipgenerator.h">
      <Filter>Header Files\hkbclasses\generator</Filter>
    </ClInclude>
    <ClInclude Include="src\hkx\generator\hkbbehaviorgraph.h">
      <Filter>Header Files\hkbclasses\generator</Filter>
    </ClInclude>
    <ClInclude Include="src\hkx\hkbvariablevalue.h">
      <Filter>Header Files\hkbclasses</Filter>
    </ClInclude>
    <ClInclude Include="src\hkx\generator\hkbbehaviorreferencegenerator.h">
      <Filter>Header Files\hkbclasses\generator</Filter>
    </ClInclude>
    <ClInclude Include="src\hkx\generator\blender\hkbblendergenerator.h">
      <Filter>Header Files\hkbclasses\generator\blender</Filter>
    </ClInclude>
    <ClInclude Include="src\hkx\generator\blender\hkbblendergeneratorchild.h">
      <Filter>Header Files\hkbclasses\generator\blender</Filter>
    </ClInclude>
    <ClInclude Include="src\hkx\hkbvariableinfo.h">
      <Filter>Header Files\hkbclasses</Filter>
    </ClInclude>
    <ClInclude Include="src\hkx\hkbeventinfo.h">
      <Filter>Header Files\hkbclasses</Filter>
    </ClInclude>
    <ClInclude Include="src\hkx\blendcurve.h">
      <Filter>Header Files\hkbclasses</Filter>
    </ClInclude>
    <ClInclude Include="src\hkx\hkbhandikdriverinfo.h">
      <Filter>Header Files\hkbclasses</Filter>
    </ClInclude>
    <ClInclude Include="src\hkx\generator\clip\hkbclipgenerator.h">
      <Filter>Header Files\hkbclasses\generator\clip</Filter>
    </ClInclude>
    <ClInclude Include="src\hkx\generator\clip\hkbcliptriggerarray.h">
      <Filter>Header Files\hkbclasses\generator\clip</Filter>
    </ClInclude>
    <ClInclude Include="src\hkx\generator\hkbmanualselectorgenerator.h">
      <Filter>Header Files\hkbclasses\generator</Filter>
    </ClInclude>
    <ClInclude Include="src\hkx\generator\hkbmodifiergenerator.h">
      <Filter>Header Files\hkbclasses\generator</Filter>
    </ClInclude>
    <ClInclude Include="src\hkx\generator\blender\hkbposematchinggenerator.h">
      <Filter>Header Files\hkbclasses\generator\blender</Filter>
    </ClInclude>
    <ClInclude Include="src\hkx\hkbbehaviorgraphdata.h">
      <Filter>Header Files\hkbclasses</Filter>
    </ClInclude>
    <ClInclude Include="src\hkx\hkbbehaviorgraphstringdata.h">
      <Filter>Header Files\hkbclasses</Filter>
    </ClInclude>
    <ClInclude Include="src\hkx\hkbcharacterdata.h">
      <Filter>Header Files\hkbclasses</Filter>
    </ClInclude>
    <ClInclude Include="src\hkx\hkbcharacterstringdata.h">
      <Filter>Header Files\hkbclasses</Filter>
    </ClInclude>
    <ClInclude Include="src\hkx\hkbeventrangedataarray.h">
      <Filter>Header Files\hkbclasses</Filter>
    </ClInclude>
    <ClInclude Include="src\hkx\hkbexpressiondataarray.h">
      <Filter>Header Files\hkbclasses</Filter>
    </ClInclude>
    <ClInclude Include="src\hkx\hkbfootikdriverinfo.h">
      <Filter>Header Files\hkbclasses</Filter>
    </ClInclude>
    <ClInclude Include="src\hkx\hkbmirroredskeletoninfo.h">
      <Filter>Header Files\hkbclasses</Filter>
    </ClInclude>
    <ClInclude Include="src\hkx\hkbvariablebindingset.h">
      <Filter>Header Files\hkbclasses</Filter>
    </ClInclude>
    <ClInclude Include="src\hkx\hkbvariablevalueset.h">
      <Filter>Header Files\hkbclasses</Filter>
    </ClInclude>
    <ClInclude Include="src\hkx\hkrootlevelcontainer.h">
      <Filter>Header Files\hkbclasses</Filter>
    </ClInclude>
    <ClInclude Include="src\hkx\generator\generators.h">
      <Filter>Header Files\hkbclasses\generator</Filter>
    </ClInclude>
    <ClInclude Include="src\hkx\hkxclass.h">
      <Filter>Header Files\hkbclasses</Filter>
    </ClInclude>
    <ClInclude Include="src\hkx\modifier\modifiers.h">
      <Filter>Header Files\hkbclasses\modifier</Filter>
    </ClInclude>
    <ClInclude Include="src\hkx\bone\bones.h">
      <Filter>Header Files\hkbclasses\bone</Filter>
    </ClInclude>
    <ClInclude Include="src\hkx\generator\statemachine\hkbstatemachine.h">
      <Filter>Header Files\hkbclasses\generator\statemachine</Filter>
    </ClInclude>
    <ClInclude Include="src\hkx\generator\statemachine\hkbstatemachineeventpropertyarray.h">
      <Filter>Header Files\hkbclasses\generator\statemachine</Filter>
    </ClInclude>
    <ClInclude Include="src\hkx\generator\statemachine\hkbstatemachinestateinfo.h">
      <Filter>Header Files\hkbclasses\generator\statemachine</Filter>
    </ClInclude>
    <ClInclude Include="src\hkx\generator\statemachine\hkbstatemachinetransitioninfoarray.h">
      <Filter>Header Files\hkbclasses\generator\statemachine</Filter>
    </ClInclude>
    <ClInclude Include="src\hkx\generator\statemachine\hkbstatechooser.h">
      <Filter>Header Files\hkbclasses\generator\statemachine</Filter>
    </ClInclude>
    <ClInclude Include="src\hkx\generator\statemachine\hkbstatelistener.h">
      <Filter>Header Files\hkbclasses\generator\statemachine</Filter>
    </ClInclude>
    <ClInclude Include="src\hkx\condition\hkbexpressioncondition.h">
      <Filter>Header Files\hkbclasses\condition</Filter>
    </ClInclude>
    <ClInclude Include="src\hkx\condition\hkbstringcondition.h">
      <Filter>Header Files\hkbclasses\condition</Filter>
    </ClInclude>
    <ClInclude Include="src\hkx\condition\hkbcondition.h">
      <Filter>Header Files\hkbclasses\condition</Filter>
    </ClInclude>
    <ClInclude Include="src\hkx\condition\condition.h">
      <Filter>Header Files\hkbclasses\condition</Filter>
    </ClInclude>
    <ClInclude Include="src\hkx\transition\hkbblendingtransitioneffect.h">
      <Filter>Header Files\hkbclasses\transition</Filter>
    </ClInclude>
    <ClInclude Include="src\hkx\transition\hkbgeneratortransitioneffect.h">
      <Filter>Header Files\hkbclasses\transition</Filter>
    </ClInclude>
    <ClInclude Include="src\hkx\transition\hkbtransitioneffect.h">
      <Filter>Header Files\hkbclasses\transition</Filter>
    </ClInclude>
    <ClInclude Include="src\hkx\transition\transition.h">
      <Filter>Header Files\hkbclasses\transition</Filter>
    </ClInclude>
    <ClInclude Include="src\utilities\coordinate.h">
      <Filter>Header Files\utilities</Filter>
    </ClInclude>
    <ClInclude Include="src\utilities\voidmatch.h">
      <Filter>Header Files\utilities</Filter>
    </ClInclude>
    <ClInclude Include="src\utilities\nemesisformat.h">
      <Filter>Header Files\utilities</Filter>
    </ClInclude>
    <ClInclude Include="src\utilities\objectmatch.h">
      <Filter>Header Files\utilities</Filter>
    </ClInclude>
    <ClInclude Include="src\utilities\stringmatch.h">
      <Filter>Header Files\utilities</Filter>
    </ClInclude>
    <ClInclude Include="src\utilities\parammatch.h">
      <Filter>Header Files\utilities</Filter>
    </ClInclude>
    <ClInclude Include="src\utilities\xmlformat.h">
      <Filter>Header Files\utilities</Filter>
    </ClInclude>
    <ClInclude Include="src\stateid.h">
      <Filter>Header Files</Filter>
    </ClInclude>
    <ClInclude Include="src\utilities\eventinfopack.h">
      <Filter>Header Files\utilities</Filter>
    </ClInclude>
    <ClInclude Include="src\utilities\variableinfopack.h">
      <Filter>Header Files\utilities</Filter>
    </ClInclude>
    <ClInclude Include="src\utilities\attributeinfopack.h">
      <Filter>Header Files\utilities</Filter>
    </ClInclude>
    <ClInclude Include="src\utilities\stringdatalock.h">
      <Filter>Header Files\utilities</Filter>
    </ClInclude>
    <ClInclude Include="src\utilities\levenshteindistance.h">
      <Filter>Header Files\utilities</Filter>
    </ClInclude>
    <ClInclude Include="src\hkx\modifier\hkbfootikmodifier.h">
      <Filter>Header Files\hkbclasses\modifier</Filter>
    </ClInclude>
    <ClInclude Include="src\hkx\modifier\base\hkbfootikgains.h">
      <Filter>Header Files\hkbclasses\modifier\base</Filter>
    </ClInclude>
    <ClInclude Include="src\utilities\qstransform.h">
      <Filter>Header Files\utilities</Filter>
    </ClInclude>
  </ItemGroup>
</Project>